
Microsoft Visual Studio Solution File, Format Version 12.00
# Visual Studio 2013
VisualStudioVersion = 12.0.21005.1
MinimumVisualStudioVersion = 10.0.40219.1
Project("{FAE04EC0-301F-11D3-BF4B-00C04F79EFBC}") = "01参数传递", "01参数传递\01参数传递.csproj", "{2FE341D8-3314-4D1E-9275-C29217166821}"
EndProject
Project("{FAE04EC0-301F-11D3-BF4B-00C04F79EFBC}") = "02装箱与拆箱", "02装箱与拆箱\02装箱与拆箱.csproj", "{20014F1A-D948-440C-B739-6387600F0E41}"
EndProject
Project("{FAE04EC0-301F-11D3-BF4B-00C04F79EFBC}") = "03Dispose模式", "_03Dispose模式\03Dispose模式.csproj", "{357D5F0A-3D2C-41E3-B5E4-F9C3CAA5B71D}"
EndProject
Project("{FAE04EC0-301F-11D3-BF4B-00C04F79EFBC}") = "04new与override使用", "04new与override使用\04new与override使用.csproj", "{1F081ED6-8CBA-434D-BF05-0C7382CC7B91}"
EndProject
Project("{FAE04EC0-301F-11D3-BF4B-00C04F79EFBC}") = "05base和this", "05base和this\05base和this.csproj", "{0BBF2177-1A03-4DA0-8C28-0D69356AAC3D}"
EndProject
Project("{FAE04EC0-301F-11D3-BF4B-00C04F79EFBC}") = "06Null-Object模式", "06Null-Object模式\06Null-Object模式.csproj", "{0CF47350-6852-4C4C-BE0B-7CC7584B534B}"
EndProject
Project("{FAE04EC0-301F-11D3-BF4B-00C04F79EFBC}") = "07转换关键字", "07转换关键字\07转换关键字.csproj", "{500C136F-0558-4760-BF05-440110451F9C}"
EndProject
Project("{FAE04EC0-301F-11D3-BF4B-00C04F79EFBC}") = "08预处理指令关键字", "08预处理指令关键字\08预处理指令关键字.csproj", "{1FEBDE77-D51D-4898-9D62-882E67C0DFD2}"
EndProject
Project("{FAE04EC0-301F-11D3-BF4B-00C04F79EFBC}") = "09yield关键字", "09yield关键字\09yield关键字.csproj", "{6922D597-3CA2-4101-9FB7-115DEA7D6BBC}"
EndProject
Project("{FAE04EC0-301F-11D3-BF4B-00C04F79EFBC}") = "10Lock", "10Lock\10Lock.csproj", "{C4B55323-5FCF-4FA8-BE69-0719CD8FC89B}"
EndProject
Project("{2150E333-8FDC-42A3-9474-1A3956D46DE8}") = "关键字的秘密", "关键字的秘密", "{F0ADF1BE-C274-475B-8579-F8DBD7103BDD}"
EndProject
Project("{FAE04EC0-301F-11D3-BF4B-00C04F79EFBC}") = "11const和readonly", "11const和readonly\11const和readonly.csproj", "{7FDE1FB6-7B0F-4963-ABFC-8BD1C9BBA6D9}"
EndProject
Project("{FAE04EC0-301F-11D3-BF4B-00C04F79EFBC}") = "12class和struct", "12class和struct\12class和struct.csproj", "{848DC21C-81CF-4BCC-B804-885B4048BB58}"
EndProject
Project("{FAE04EC0-301F-11D3-BF4B-00C04F79EFBC}") = "13MyselfAttribute", "13MyselfAttribute\13MyselfAttribute.csproj", "{D6CB2626-8375-4CF2-81D9-F15A9AFF6606}"
EndProject
Project("{FAE04EC0-301F-11D3-BF4B-00C04F79EFBC}") = "14接口和抽象类", "14接口和抽象类\14接口和抽象类.csproj", "{8E59F857-92EB-4673-97FD-188AF70014B9}"
EndProject
Project("{FAE04EC0-301F-11D3-BF4B-00C04F79EFBC}") = "15覆写和重载", "15覆写和重载\15覆写和重载.csproj", "{0CCC3EA1-E415-47AE-814D-62AD5C4D3B84}"
EndProject
Project("{FAE04EC0-301F-11D3-BF4B-00C04F79EFBC}") = "16浅拷贝和深拷贝", "16浅拷贝和深拷贝\16浅拷贝和深拷贝.csproj", "{8CB01289-75AB-4662-85FD-936289DFE2A2}"
EndProject
Project("{FAE04EC0-301F-11D3-BF4B-00C04F79EFBC}") = "17静态和非静态", "17静态和非静态\17静态和非静态.csproj", "{50A3B815-3BA9-4467-9BC2-70D115223714}"
EndProject
Project("{FAE04EC0-301F-11D3-BF4B-00C04F79EFBC}") = "18集合", "18集合\18集合.csproj", "{D39CD9B3-DB2D-4176-8D0A-12B6D02272F0}"
EndProject
Project("{FAE04EC0-301F-11D3-BF4B-00C04F79EFBC}") = "19Object", "19Object\19Object.csproj", "{C95D047A-A47A-4874-A971-EA9191AC7DA4}"
EndProject
Project("{FAE04EC0-301F-11D3-BF4B-00C04F79EFBC}") = "20大话String", "20大话String\20大话String.csproj", "{B87BD08C-07DE-4620-990C-BC64242A6CF0}"
EndProject
Project("{FAE04EC0-301F-11D3-BF4B-00C04F79EFBC}") = "21StringBuilder于String", "21StringBuilder于String\21StringBuilder于String.csproj", "{FBFFA535-722B-4C66-9C6F-1243DEB0006F}"
EndProject
Project("{FAE04EC0-301F-11D3-BF4B-00C04F79EFBC}") = "22认识枚举", "22认识枚举\22认识枚举.csproj", "{5476753D-DF3F-41DC-AE3C-6D8893926ECA}"
EndProject
Project("{FAE04EC0-301F-11D3-BF4B-00C04F79EFBC}") = "23委托", "23委托\23委托.csproj", "{B66365E3-99DF-4C02-B2CB-3C291574B142}"
EndProject
Project("{FAE04EC0-301F-11D3-BF4B-00C04F79EFBC}") = "24事件", "24事件\24事件.csproj", "{5F2D61A8-BE5A-4890-A7DD-FFD86150ABB9}"
EndProject
Project("{FAE04EC0-301F-11D3-BF4B-00C04F79EFBC}") = "25用户控件-自定义事件", "25用户控件-自定义事件\25用户控件-自定义事件.csproj", "{5211A881-778E-41CE-B809-5A6C8015FE98}"
EndProject
Project("{FAE04EC0-301F-11D3-BF4B-00C04F79EFBC}") = "26事件-自定义控件", "26事件-自定义控件\26事件-自定义控件.csproj", "{10F51B81-EE01-440E-99EF-173920879A7E}"
EndProject
Project("{FAE04EC0-301F-11D3-BF4B-00C04F79EFBC}") = "27Name这回事", "27Name这回事\27Name这回事.csproj", "{089B0904-CFC1-4BD6-98B3-ED525CB6DF91}"
EndProject
Project("{FAE04EC0-301F-11D3-BF4B-00C04F79EFBC}") = "28异常系统", "28异常系统\28异常系统.csproj", "{1D7F18F9-D17F-4694-9BD7-0C5DBCF00C61}"
EndProject
Project("{FAE04EC0-301F-11D3-BF4B-00C04F79EFBC}") = "29基本服务", "29基本服务\29基本服务.csproj", "{FBA506E7-4951-407B-B4C2-07D045A8D0B4}"
EndProject
Project("{2150E333-8FDC-42A3-9474-1A3956D46DE8}") = "本来面目", "本来面目", "{7F70F6AC-F348-4270-9B30-495074A3AD2F}"
EndProject
Project("{FAE04EC0-301F-11D3-BF4B-00C04F79EFBC}") = "30泛型委托", "30泛型委托\30泛型委托.csproj", "{C77D9575-E083-43B4-952A-BEB87504F671}"
EndProject
Project("{FAE04EC0-301F-11D3-BF4B-00C04F79EFBC}") = "31扩展方法", "31扩展方法\31扩展方法.csproj", "{9FBB7B04-E74A-4A93-B004-B40E88862BDE}"
EndProject
Project("{FAE04EC0-301F-11D3-BF4B-00C04F79EFBC}") = "32LINQ", "32LINQ\32LINQ.csproj", "{B1931FC4-B0A3-46B6-ACAA-BF7FF3FAE1AF}"
EndProject
Project("{FAE04EC0-301F-11D3-BF4B-00C04F79EFBC}") = "33命名参数和可选参数", "33命名参数和可选参数\33命名参数和可选参数.csproj", "{3E7055DD-2881-40A1-90C4-BDBEAAD1022C}"
EndProject
Project("{FAE04EC0-301F-11D3-BF4B-00C04F79EFBC}") = "Test", "Test\Test.csproj", "{FF3B97B6-A644-4A76-859E-14CF7D21E4FB}"
EndProject
Project("{FAE04EC0-301F-11D3-BF4B-00C04F79EFBC}") = "34虚方法", "34继承\34虚方法.csproj", "{06C56096-D28C-4DC2-8E7B-D1AB5163C418}"
EndProject
Project("{FAE04EC0-301F-11D3-BF4B-00C04F79EFBC}") = "35抽象方法", "35抽象方法\35抽象方法.csproj", "{E028CB81-1A30-45C3-B8DD-0134A5B9DBEC}"
EndProject
Project("{FAE04EC0-301F-11D3-BF4B-00C04F79EFBC}") = "36简单工厂", "36简单工厂\36简单工厂.csproj", "{71CA6B0C-9AB2-4EE9-813A-ADAE989479E6}"
EndProject
Project("{FAE04EC0-301F-11D3-BF4B-00C04F79EFBC}") = "37索引", "37索引\37索引.csproj", "{69C96AF5-6947-4897-BE50-0F0250532939}"
EndProject
Project("{FAE04EC0-301F-11D3-BF4B-00C04F79EFBC}") = "38sizeof和paramas", "38基类型大小\38sizeof和paramas.csproj", "{5B7846FE-B9EF-47B5-A367-C8DAA305CF91}"
EndProject
Project("{FAE04EC0-301F-11D3-BF4B-00C04F79EFBC}") = "39ref和out", "39ref和out\39ref和out.csproj", "{5858873E-E2CD-4BC6-AD25-7653F4973C94}"
EndProject
Project("{FAE04EC0-301F-11D3-BF4B-00C04F79EFBC}") = "40字符串操作", "40字符串操作\40字符串操作.csproj", "{4634C200-FE39-4CF2-901F-5B3E7CD01338}"
EndProject
Project("{FAE04EC0-301F-11D3-BF4B-00C04F79EFBC}") = "41集合", "41集合\41集合.csproj", "{04AC458A-3250-420E-A064-C541C2CB44BA}"
EndProject
Project("{FAE04EC0-301F-11D3-BF4B-00C04F79EFBC}") = "42文件操作", "42文件操作\42文件操作.csproj", "{4D8DAD14-D891-4C6C-865E-B863D3EFEB74}"
EndProject
Project("{FAE04EC0-301F-11D3-BF4B-00C04F79EFBC}") = "43Directory", "43Directory\43Directory.csproj", "{A620161B-FB89-4DBE-ACE0-13C7DD76CDA0}"
EndProject
Project("{FAE04EC0-301F-11D3-BF4B-00C04F79EFBC}") = "44File", "44File\44File.csproj", "{A62B98DB-1E3A-4962-B6B5-F9B656BB74D3}"
EndProject
Global
	GlobalSection(SolutionConfigurationPlatforms) = preSolution
		Debug|Any CPU = Debug|Any CPU
		Release|Any CPU = Release|Any CPU
	EndGlobalSection
	GlobalSection(ProjectConfigurationPlatforms) = postSolution
		{2FE341D8-3314-4D1E-9275-C29217166821}.Debug|Any CPU.ActiveCfg = Debug|Any CPU
		{2FE341D8-3314-4D1E-9275-C29217166821}.Debug|Any CPU.Build.0 = Debug|Any CPU
		{2FE341D8-3314-4D1E-9275-C29217166821}.Release|Any CPU.ActiveCfg = Release|Any CPU
		{2FE341D8-3314-4D1E-9275-C29217166821}.Release|Any CPU.Build.0 = Release|Any CPU
		{20014F1A-D948-440C-B739-6387600F0E41}.Debug|Any CPU.ActiveCfg = Debug|Any CPU
		{20014F1A-D948-440C-B739-6387600F0E41}.Debug|Any CPU.Build.0 = Debug|Any CPU
		{20014F1A-D948-440C-B739-6387600F0E41}.Release|Any CPU.ActiveCfg = Release|Any CPU
		{20014F1A-D948-440C-B739-6387600F0E41}.Release|Any CPU.Build.0 = Release|Any CPU
		{357D5F0A-3D2C-41E3-B5E4-F9C3CAA5B71D}.Debug|Any CPU.ActiveCfg = Debug|Any CPU
		{357D5F0A-3D2C-41E3-B5E4-F9C3CAA5B71D}.Debug|Any CPU.Build.0 = Debug|Any CPU
		{357D5F0A-3D2C-41E3-B5E4-F9C3CAA5B71D}.Release|Any CPU.ActiveCfg = Release|Any CPU
		{357D5F0A-3D2C-41E3-B5E4-F9C3CAA5B71D}.Release|Any CPU.Build.0 = Release|Any CPU
		{1F081ED6-8CBA-434D-BF05-0C7382CC7B91}.Debug|Any CPU.ActiveCfg = Debug|Any CPU
		{1F081ED6-8CBA-434D-BF05-0C7382CC7B91}.Debug|Any CPU.Build.0 = Debug|Any CPU
		{1F081ED6-8CBA-434D-BF05-0C7382CC7B91}.Release|Any CPU.ActiveCfg = Release|Any CPU
		{1F081ED6-8CBA-434D-BF05-0C7382CC7B91}.Release|Any CPU.Build.0 = Release|Any CPU
		{0BBF2177-1A03-4DA0-8C28-0D69356AAC3D}.Debug|Any CPU.ActiveCfg = Debug|Any CPU
		{0BBF2177-1A03-4DA0-8C28-0D69356AAC3D}.Debug|Any CPU.Build.0 = Debug|Any CPU
		{0BBF2177-1A03-4DA0-8C28-0D69356AAC3D}.Release|Any CPU.ActiveCfg = Release|Any CPU
		{0BBF2177-1A03-4DA0-8C28-0D69356AAC3D}.Release|Any CPU.Build.0 = Release|Any CPU
		{0CF47350-6852-4C4C-BE0B-7CC7584B534B}.Debug|Any CPU.ActiveCfg = Debug|Any CPU
		{0CF47350-6852-4C4C-BE0B-7CC7584B534B}.Debug|Any CPU.Build.0 = Debug|Any CPU
		{0CF47350-6852-4C4C-BE0B-7CC7584B534B}.Release|Any CPU.ActiveCfg = Release|Any CPU
		{0CF47350-6852-4C4C-BE0B-7CC7584B534B}.Release|Any CPU.Build.0 = Release|Any CPU
		{500C136F-0558-4760-BF05-440110451F9C}.Debug|Any CPU.ActiveCfg = Debug|Any CPU
		{500C136F-0558-4760-BF05-440110451F9C}.Debug|Any CPU.Build.0 = Debug|Any CPU
		{500C136F-0558-4760-BF05-440110451F9C}.Release|Any CPU.ActiveCfg = Release|Any CPU
		{500C136F-0558-4760-BF05-440110451F9C}.Release|Any CPU.Build.0 = Release|Any CPU
		{1FEBDE77-D51D-4898-9D62-882E67C0DFD2}.Debug|Any CPU.ActiveCfg = Debug|Any CPU
		{1FEBDE77-D51D-4898-9D62-882E67C0DFD2}.Debug|Any CPU.Build.0 = Debug|Any CPU
		{1FEBDE77-D51D-4898-9D62-882E67C0DFD2}.Release|Any CPU.ActiveCfg = Release|Any CPU
		{1FEBDE77-D51D-4898-9D62-882E67C0DFD2}.Release|Any CPU.Build.0 = Release|Any CPU
		{6922D597-3CA2-4101-9FB7-115DEA7D6BBC}.Debug|Any CPU.ActiveCfg = Debug|Any CPU
		{6922D597-3CA2-4101-9FB7-115DEA7D6BBC}.Debug|Any CPU.Build.0 = Debug|Any CPU
		{6922D597-3CA2-4101-9FB7-115DEA7D6BBC}.Release|Any CPU.ActiveCfg = Release|Any CPU
		{6922D597-3CA2-4101-9FB7-115DEA7D6BBC}.Release|Any CPU.Build.0 = Release|Any CPU
		{C4B55323-5FCF-4FA8-BE69-0719CD8FC89B}.Debug|Any CPU.ActiveCfg = Debug|Any CPU
		{C4B55323-5FCF-4FA8-BE69-0719CD8FC89B}.Debug|Any CPU.Build.0 = Debug|Any CPU
		{C4B55323-5FCF-4FA8-BE69-0719CD8FC89B}.Release|Any CPU.ActiveCfg = Release|Any CPU
		{C4B55323-5FCF-4FA8-BE69-0719CD8FC89B}.Release|Any CPU.Build.0 = Release|Any CPU
		{7FDE1FB6-7B0F-4963-ABFC-8BD1C9BBA6D9}.Debug|Any CPU.ActiveCfg = Debug|Any CPU
		{7FDE1FB6-7B0F-4963-ABFC-8BD1C9BBA6D9}.Debug|Any CPU.Build.0 = Debug|Any CPU
		{7FDE1FB6-7B0F-4963-ABFC-8BD1C9BBA6D9}.Release|Any CPU.ActiveCfg = Release|Any CPU
		{7FDE1FB6-7B0F-4963-ABFC-8BD1C9BBA6D9}.Release|Any CPU.Build.0 = Release|Any CPU
		{848DC21C-81CF-4BCC-B804-885B4048BB58}.Debug|Any CPU.ActiveCfg = Debug|Any CPU
		{848DC21C-81CF-4BCC-B804-885B4048BB58}.Debug|Any CPU.Build.0 = Debug|Any CPU
		{848DC21C-81CF-4BCC-B804-885B4048BB58}.Release|Any CPU.ActiveCfg = Release|Any CPU
		{848DC21C-81CF-4BCC-B804-885B4048BB58}.Release|Any CPU.Build.0 = Release|Any CPU
		{D6CB2626-8375-4CF2-81D9-F15A9AFF6606}.Debug|Any CPU.ActiveCfg = Debug|Any CPU
		{D6CB2626-8375-4CF2-81D9-F15A9AFF6606}.Debug|Any CPU.Build.0 = Debug|Any CPU
		{D6CB2626-8375-4CF2-81D9-F15A9AFF6606}.Release|Any CPU.ActiveCfg = Release|Any CPU
		{D6CB2626-8375-4CF2-81D9-F15A9AFF6606}.Release|Any CPU.Build.0 = Release|Any CPU
		{8E59F857-92EB-4673-97FD-188AF70014B9}.Debug|Any CPU.ActiveCfg = Debug|Any CPU
		{8E59F857-92EB-4673-97FD-188AF70014B9}.Debug|Any CPU.Build.0 = Debug|Any CPU
		{8E59F857-92EB-4673-97FD-188AF70014B9}.Release|Any CPU.ActiveCfg = Release|Any CPU
		{8E59F857-92EB-4673-97FD-188AF70014B9}.Release|Any CPU.Build.0 = Release|Any CPU
		{0CCC3EA1-E415-47AE-814D-62AD5C4D3B84}.Debug|Any CPU.ActiveCfg = Debug|Any CPU
		{0CCC3EA1-E415-47AE-814D-62AD5C4D3B84}.Debug|Any CPU.Build.0 = Debug|Any CPU
		{0CCC3EA1-E415-47AE-814D-62AD5C4D3B84}.Release|Any CPU.ActiveCfg = Release|Any CPU
		{0CCC3EA1-E415-47AE-814D-62AD5C4D3B84}.Release|Any CPU.Build.0 = Release|Any CPU
		{8CB01289-75AB-4662-85FD-936289DFE2A2}.Debug|Any CPU.ActiveCfg = Debug|Any CPU
		{8CB01289-75AB-4662-85FD-936289DFE2A2}.Debug|Any CPU.Build.0 = Debug|Any CPU
		{8CB01289-75AB-4662-85FD-936289DFE2A2}.Release|Any CPU.ActiveCfg = Release|Any CPU
		{8CB01289-75AB-4662-85FD-936289DFE2A2}.Release|Any CPU.Build.0 = Release|Any CPU
		{50A3B815-3BA9-4467-9BC2-70D115223714}.Debug|Any CPU.ActiveCfg = Debug|Any CPU
		{50A3B815-3BA9-4467-9BC2-70D115223714}.Debug|Any CPU.Build.0 = Debug|Any CPU
		{50A3B815-3BA9-4467-9BC2-70D115223714}.Release|Any CPU.ActiveCfg = Release|Any CPU
		{50A3B815-3BA9-4467-9BC2-70D115223714}.Release|Any CPU.Build.0 = Release|Any CPU
		{D39CD9B3-DB2D-4176-8D0A-12B6D02272F0}.Debug|Any CPU.ActiveCfg = Debug|Any CPU
		{D39CD9B3-DB2D-4176-8D0A-12B6D02272F0}.Debug|Any CPU.Build.0 = Debug|Any CPU
		{D39CD9B3-DB2D-4176-8D0A-12B6D02272F0}.Release|Any CPU.ActiveCfg = Release|Any CPU
		{D39CD9B3-DB2D-4176-8D0A-12B6D02272F0}.Release|Any CPU.Build.0 = Release|Any CPU
		{C95D047A-A47A-4874-A971-EA9191AC7DA4}.Debug|Any CPU.ActiveCfg = Debug|Any CPU
		{C95D047A-A47A-4874-A971-EA9191AC7DA4}.Debug|Any CPU.Build.0 = Debug|Any CPU
		{C95D047A-A47A-4874-A971-EA9191AC7DA4}.Release|Any CPU.ActiveCfg = Release|Any CPU
		{C95D047A-A47A-4874-A971-EA9191AC7DA4}.Release|Any CPU.Build.0 = Release|Any CPU
		{B87BD08C-07DE-4620-990C-BC64242A6CF0}.Debug|Any CPU.ActiveCfg = Debug|Any CPU
		{B87BD08C-07DE-4620-990C-BC64242A6CF0}.Debug|Any CPU.Build.0 = Debug|Any CPU
		{B87BD08C-07DE-4620-990C-BC64242A6CF0}.Release|Any CPU.ActiveCfg = Release|Any CPU
		{B87BD08C-07DE-4620-990C-BC64242A6CF0}.Release|Any CPU.Build.0 = Release|Any CPU
		{FBFFA535-722B-4C66-9C6F-1243DEB0006F}.Debug|Any CPU.ActiveCfg = Debug|Any CPU
		{FBFFA535-722B-4C66-9C6F-1243DEB0006F}.Debug|Any CPU.Build.0 = Debug|Any CPU
		{FBFFA535-722B-4C66-9C6F-1243DEB0006F}.Release|Any CPU.ActiveCfg = Release|Any CPU
		{FBFFA535-722B-4C66-9C6F-1243DEB0006F}.Release|Any CPU.Build.0 = Release|Any CPU
		{5476753D-DF3F-41DC-AE3C-6D8893926ECA}.Debug|Any CPU.ActiveCfg = Debug|Any CPU
		{5476753D-DF3F-41DC-AE3C-6D8893926ECA}.Debug|Any CPU.Build.0 = Debug|Any CPU
		{5476753D-DF3F-41DC-AE3C-6D8893926ECA}.Release|Any CPU.ActiveCfg = Release|Any CPU
		{5476753D-DF3F-41DC-AE3C-6D8893926ECA}.Release|Any CPU.Build.0 = Release|Any CPU
		{B66365E3-99DF-4C02-B2CB-3C291574B142}.Debug|Any CPU.ActiveCfg = Debug|Any CPU
		{B66365E3-99DF-4C02-B2CB-3C291574B142}.Debug|Any CPU.Build.0 = Debug|Any CPU
		{B66365E3-99DF-4C02-B2CB-3C291574B142}.Release|Any CPU.ActiveCfg = Release|Any CPU
		{B66365E3-99DF-4C02-B2CB-3C291574B142}.Release|Any CPU.Build.0 = Release|Any CPU
		{5F2D61A8-BE5A-4890-A7DD-FFD86150ABB9}.Debug|Any CPU.ActiveCfg = Debug|Any CPU
		{5F2D61A8-BE5A-4890-A7DD-FFD86150ABB9}.Debug|Any CPU.Build.0 = Debug|Any CPU
		{5F2D61A8-BE5A-4890-A7DD-FFD86150ABB9}.Release|Any CPU.ActiveCfg = Release|Any CPU
		{5F2D61A8-BE5A-4890-A7DD-FFD86150ABB9}.Release|Any CPU.Build.0 = Release|Any CPU
		{5211A881-778E-41CE-B809-5A6C8015FE98}.Debug|Any CPU.ActiveCfg = Debug|Any CPU
		{5211A881-778E-41CE-B809-5A6C8015FE98}.Debug|Any CPU.Build.0 = Debug|Any CPU
		{5211A881-778E-41CE-B809-5A6C8015FE98}.Release|Any CPU.ActiveCfg = Release|Any CPU
		{5211A881-778E-41CE-B809-5A6C8015FE98}.Release|Any CPU.Build.0 = Release|Any CPU
		{10F51B81-EE01-440E-99EF-173920879A7E}.Debug|Any CPU.ActiveCfg = Debug|Any CPU
		{10F51B81-EE01-440E-99EF-173920879A7E}.Debug|Any CPU.Build.0 = Debug|Any CPU
		{10F51B81-EE01-440E-99EF-173920879A7E}.Release|Any CPU.ActiveCfg = Release|Any CPU
		{10F51B81-EE01-440E-99EF-173920879A7E}.Release|Any CPU.Build.0 = Release|Any CPU
		{089B0904-CFC1-4BD6-98B3-ED525CB6DF91}.Debug|Any CPU.ActiveCfg = Debug|Any CPU
		{089B0904-CFC1-4BD6-98B3-ED525CB6DF91}.Debug|Any CPU.Build.0 = Debug|Any CPU
		{089B0904-CFC1-4BD6-98B3-ED525CB6DF91}.Release|Any CPU.ActiveCfg = Release|Any CPU
		{089B0904-CFC1-4BD6-98B3-ED525CB6DF91}.Release|Any CPU.Build.0 = Release|Any CPU
		{1D7F18F9-D17F-4694-9BD7-0C5DBCF00C61}.Debug|Any CPU.ActiveCfg = Debug|Any CPU
		{1D7F18F9-D17F-4694-9BD7-0C5DBCF00C61}.Debug|Any CPU.Build.0 = Debug|Any CPU
		{1D7F18F9-D17F-4694-9BD7-0C5DBCF00C61}.Release|Any CPU.ActiveCfg = Release|Any CPU
		{1D7F18F9-D17F-4694-9BD7-0C5DBCF00C61}.Release|Any CPU.Build.0 = Release|Any CPU
		{FBA506E7-4951-407B-B4C2-07D045A8D0B4}.Debug|Any CPU.ActiveCfg = Debug|Any CPU
		{FBA506E7-4951-407B-B4C2-07D045A8D0B4}.Debug|Any CPU.Build.0 = Debug|Any CPU
		{FBA506E7-4951-407B-B4C2-07D045A8D0B4}.Release|Any CPU.ActiveCfg = Release|Any CPU
		{FBA506E7-4951-407B-B4C2-07D045A8D0B4}.Release|Any CPU.Build.0 = Release|Any CPU
		{C77D9575-E083-43B4-952A-BEB87504F671}.Debug|Any CPU.ActiveCfg = Debug|Any CPU
		{C77D9575-E083-43B4-952A-BEB87504F671}.Debug|Any CPU.Build.0 = Debug|Any CPU
		{C77D9575-E083-43B4-952A-BEB87504F671}.Release|Any CPU.ActiveCfg = Release|Any CPU
		{C77D9575-E083-43B4-952A-BEB87504F671}.Release|Any CPU.Build.0 = Release|Any CPU
		{9FBB7B04-E74A-4A93-B004-B40E88862BDE}.Debug|Any CPU.ActiveCfg = Debug|Any CPU
		{9FBB7B04-E74A-4A93-B004-B40E88862BDE}.Debug|Any CPU.Build.0 = Debug|Any CPU
		{9FBB7B04-E74A-4A93-B004-B40E88862BDE}.Release|Any CPU.ActiveCfg = Release|Any CPU
		{9FBB7B04-E74A-4A93-B004-B40E88862BDE}.Release|Any CPU.Build.0 = Release|Any CPU
		{B1931FC4-B0A3-46B6-ACAA-BF7FF3FAE1AF}.Debug|Any CPU.ActiveCfg = Debug|Any CPU
		{B1931FC4-B0A3-46B6-ACAA-BF7FF3FAE1AF}.Debug|Any CPU.Build.0 = Debug|Any CPU
		{B1931FC4-B0A3-46B6-ACAA-BF7FF3FAE1AF}.Release|Any CPU.ActiveCfg = Release|Any CPU
		{B1931FC4-B0A3-46B6-ACAA-BF7FF3FAE1AF}.Release|Any CPU.Build.0 = Release|Any CPU
		{3E7055DD-2881-40A1-90C4-BDBEAAD1022C}.Debug|Any CPU.ActiveCfg = Debug|Any CPU
		{3E7055DD-2881-40A1-90C4-BDBEAAD1022C}.Debug|Any CPU.Build.0 = Debug|Any CPU
		{3E7055DD-2881-40A1-90C4-BDBEAAD1022C}.Release|Any CPU.ActiveCfg = Release|Any CPU
		{3E7055DD-2881-40A1-90C4-BDBEAAD1022C}.Release|Any CPU.Build.0 = Release|Any CPU
		{FF3B97B6-A644-4A76-859E-14CF7D21E4FB}.Debug|Any CPU.ActiveCfg = Debug|Any CPU
		{FF3B97B6-A644-4A76-859E-14CF7D21E4FB}.Debug|Any CPU.Build.0 = Debug|Any CPU
		{FF3B97B6-A644-4A76-859E-14CF7D21E4FB}.Release|Any CPU.ActiveCfg = Release|Any CPU
		{FF3B97B6-A644-4A76-859E-14CF7D21E4FB}.Release|Any CPU.Build.0 = Release|Any CPU
		{06C56096-D28C-4DC2-8E7B-D1AB5163C418}.Debug|Any CPU.ActiveCfg = Debug|Any CPU
		{06C56096-D28C-4DC2-8E7B-D1AB5163C418}.Debug|Any CPU.Build.0 = Debug|Any CPU
		{06C56096-D28C-4DC2-8E7B-D1AB5163C418}.Release|Any CPU.ActiveCfg = Release|Any CPU
		{06C56096-D28C-4DC2-8E7B-D1AB5163C418}.Release|Any CPU.Build.0 = Release|Any CPU
		{E028CB81-1A30-45C3-B8DD-0134A5B9DBEC}.Debug|Any CPU.ActiveCfg = Debug|Any CPU
		{E028CB81-1A30-45C3-B8DD-0134A5B9DBEC}.Debug|Any CPU.Build.0 = Debug|Any CPU
		{E028CB81-1A30-45C3-B8DD-0134A5B9DBEC}.Release|Any CPU.ActiveCfg = Release|Any CPU
		{E028CB81-1A30-45C3-B8DD-0134A5B9DBEC}.Release|Any CPU.Build.0 = Release|Any CPU
		{71CA6B0C-9AB2-4EE9-813A-ADAE989479E6}.Debug|Any CPU.ActiveCfg = Debug|Any CPU
		{71CA6B0C-9AB2-4EE9-813A-ADAE989479E6}.Debug|Any CPU.Build.0 = Debug|Any CPU
		{71CA6B0C-9AB2-4EE9-813A-ADAE989479E6}.Release|Any CPU.ActiveCfg = Release|Any CPU
		{71CA6B0C-9AB2-4EE9-813A-ADAE989479E6}.Release|Any CPU.Build.0 = Release|Any CPU
		{69C96AF5-6947-4897-BE50-0F0250532939}.Debug|Any CPU.ActiveCfg = Debug|Any CPU
		{69C96AF5-6947-4897-BE50-0F0250532939}.Debug|Any CPU.Build.0 = Debug|Any CPU
		{69C96AF5-6947-4897-BE50-0F0250532939}.Release|Any CPU.ActiveCfg = Release|Any CPU
		{69C96AF5-6947-4897-BE50-0F0250532939}.Release|Any CPU.Build.0 = Release|Any CPU
		{5B7846FE-B9EF-47B5-A367-C8DAA305CF91}.Debug|Any CPU.ActiveCfg = Debug|Any CPU
		{5B7846FE-B9EF-47B5-A367-C8DAA305CF91}.Debug|Any CPU.Build.0 = Debug|Any CPU
		{5B7846FE-B9EF-47B5-A367-C8DAA305CF91}.Release|Any CPU.ActiveCfg = Release|Any CPU
		{5B7846FE-B9EF-47B5-A367-C8DAA305CF91}.Release|Any CPU.Build.0 = Release|Any CPU
		{5858873E-E2CD-4BC6-AD25-7653F4973C94}.Debug|Any CPU.ActiveCfg = Debug|Any CPU
		{5858873E-E2CD-4BC6-AD25-7653F4973C94}.Debug|Any CPU.Build.0 = Debug|Any CPU
		{5858873E-E2CD-4BC6-AD25-7653F4973C94}.Release|Any CPU.ActiveCfg = Release|Any CPU
		{5858873E-E2CD-4BC6-AD25-7653F4973C94}.Release|Any CPU.Build.0 = Release|Any CPU
		{4634C200-FE39-4CF2-901F-5B3E7CD01338}.Debug|Any CPU.ActiveCfg = Debug|Any CPU
		{4634C200-FE39-4CF2-901F-5B3E7CD01338}.Debug|Any CPU.Build.0 = Debug|Any CPU
		{4634C200-FE39-4CF2-901F-5B3E7CD01338}.Release|Any CPU.ActiveCfg = Release|Any CPU
		{4634C200-FE39-4CF2-901F-5B3E7CD01338}.Release|Any CPU.Build.0 = Release|Any CPU
		{04AC458A-3250-420E-A064-C541C2CB44BA}.Debug|Any CPU.ActiveCfg = Debug|Any CPU
		{04AC458A-3250-420E-A064-C541C2CB44BA}.Debug|Any CPU.Build.0 = Debug|Any CPU
		{04AC458A-3250-420E-A064-C541C2CB44BA}.Release|Any CPU.ActiveCfg = Release|Any CPU
		{04AC458A-3250-420E-A064-C541C2CB44BA}.Release|Any CPU.Build.0 = Release|Any CPU
		{4D8DAD14-D891-4C6C-865E-B863D3EFEB74}.Debug|Any CPU.ActiveCfg = Debug|Any CPU
		{4D8DAD14-D891-4C6C-865E-B863D3EFEB74}.Debug|Any CPU.Build.0 = Debug|Any CPU
		{4D8DAD14-D891-4C6C-865E-B863D3EFEB74}.Release|Any CPU.ActiveCfg = Release|Any CPU
		{4D8DAD14-D891-4C6C-865E-B863D3EFEB74}.Release|Any CPU.Build.0 = Release|Any CPU
		{A620161B-FB89-4DBE-ACE0-13C7DD76CDA0}.Debug|Any CPU.ActiveCfg = Debug|Any CPU
		{A620161B-FB89-4DBE-ACE0-13C7DD76CDA0}.Debug|Any CPU.Build.0 = Debug|Any CPU
		{A620161B-FB89-4DBE-ACE0-13C7DD76CDA0}.Release|Any CPU.ActiveCfg = Release|Any CPU
		{A620161B-FB89-4DBE-ACE0-13C7DD76CDA0}.Release|Any CPU.Build.0 = Release|Any CPU
		{A62B98DB-1E3A-4962-B6B5-F9B656BB74D3}.Debug|Any CPU.ActiveCfg = Debug|Any CPU
		{A62B98DB-1E3A-4962-B6B5-F9B656BB74D3}.Debug|Any CPU.Build.0 = Debug|Any CPU
		{A62B98DB-1E3A-4962-B6B5-F9B656BB74D3}.Release|Any CPU.ActiveCfg = Release|Any CPU
		{A62B98DB-1E3A-4962-B6B5-F9B656BB74D3}.Release|Any CPU.Build.0 = Release|Any CPU
	EndGlobalSection
	GlobalSection(SolutionProperties) = preSolution
		HideSolutionNode = FALSE
	EndGlobalSection
	GlobalSection(NestedProjects) = preSolution
		{20014F1A-D948-440C-B739-6387600F0E41} = {F0ADF1BE-C274-475B-8579-F8DBD7103BDD}
		{357D5F0A-3D2C-41E3-B5E4-F9C3CAA5B71D} = {F0ADF1BE-C274-475B-8579-F8DBD7103BDD}
		{1F081ED6-8CBA-434D-BF05-0C7382CC7B91} = {F0ADF1BE-C274-475B-8579-F8DBD7103BDD}
		{0BBF2177-1A03-4DA0-8C28-0D69356AAC3D} = {F0ADF1BE-C274-475B-8579-F8DBD7103BDD}
		{0CF47350-6852-4C4C-BE0B-7CC7584B534B} = {F0ADF1BE-C274-475B-8579-F8DBD7103BDD}
		{500C136F-0558-4760-BF05-440110451F9C} = {F0ADF1BE-C274-475B-8579-F8DBD7103BDD}
		{1FEBDE77-D51D-4898-9D62-882E67C0DFD2} = {F0ADF1BE-C274-475B-8579-F8DBD7103BDD}
		{6922D597-3CA2-4101-9FB7-115DEA7D6BBC} = {F0ADF1BE-C274-475B-8579-F8DBD7103BDD}
		{C4B55323-5FCF-4FA8-BE69-0719CD8FC89B} = {F0ADF1BE-C274-475B-8579-F8DBD7103BDD}
		{2FE341D8-3314-4D1E-9275-C29217166821} = {F0ADF1BE-C274-475B-8579-F8DBD7103BDD}
		{848DC21C-81CF-4BCC-B804-885B4048BB58} = {7F70F6AC-F348-4270-9B30-495074A3AD2F}
		{D6CB2626-8375-4CF2-81D9-F15A9AFF6606} = {7F70F6AC-F348-4270-9B30-495074A3AD2F}
		{8E59F857-92EB-4673-97FD-188AF70014B9} = {7F70F6AC-F348-4270-9B30-495074A3AD2F}
		{0CCC3EA1-E415-47AE-814D-62AD5C4D3B84} = {7F70F6AC-F348-4270-9B30-495074A3AD2F}
		{8CB01289-75AB-4662-85FD-936289DFE2A2} = {7F70F6AC-F348-4270-9B30-495074A3AD2F}
		{50A3B815-3BA9-4467-9BC2-70D115223714} = {7F70F6AC-F348-4270-9B30-495074A3AD2F}
		{D39CD9B3-DB2D-4176-8D0A-12B6D02272F0} = {7F70F6AC-F348-4270-9B30-495074A3AD2F}
		{C95D047A-A47A-4874-A971-EA9191AC7DA4} = {7F70F6AC-F348-4270-9B30-495074A3AD2F}
		{B87BD08C-07DE-4620-990C-BC64242A6CF0} = {7F70F6AC-F348-4270-9B30-495074A3AD2F}
		{FBFFA535-722B-4C66-9C6F-1243DEB0006F} = {7F70F6AC-F348-4270-9B30-495074A3AD2F}
		{5476753D-DF3F-41DC-AE3C-6D8893926ECA} = {7F70F6AC-F348-4270-9B30-495074A3AD2F}
		{B66365E3-99DF-4C02-B2CB-3C291574B142} = {7F70F6AC-F348-4270-9B30-495074A3AD2F}
		{5F2D61A8-BE5A-4890-A7DD-FFD86150ABB9} = {7F70F6AC-F348-4270-9B30-495074A3AD2F}
		{5211A881-778E-41CE-B809-5A6C8015FE98} = {7F70F6AC-F348-4270-9B30-495074A3AD2F}
		{10F51B81-EE01-440E-99EF-173920879A7E} = {7F70F6AC-F348-4270-9B30-495074A3AD2F}
		{089B0904-CFC1-4BD6-98B3-ED525CB6DF91} = {7F70F6AC-F348-4270-9B30-495074A3AD2F}
		{1D7F18F9-D17F-4694-9BD7-0C5DBCF00C61} = {7F70F6AC-F348-4270-9B30-495074A3AD2F}
		{7FDE1FB6-7B0F-4963-ABFC-8BD1C9BBA6D9} = {7F70F6AC-F348-4270-9B30-495074A3AD2F}
	EndGlobalSection
EndGlobal
